
Microsoft Visual Studio Solution File, Format Version 12.00
# Visual Studio Version 17
VisualStudioVersion = 17.7.34221.43
MinimumVisualStudioVersion = 10.0.40219.1
Project("{FAE04EC0-301F-11D3-BF4B-00C04F79EFBC}") = "MIS3033_LC_1106_BenReilly", "MIS3033_LC_1106_BenReilly\MIS3033_LC_1106_BenReilly.csproj", "{4F28ED43-B6A5-4F8A-90B7-18A61DC7B537}"
EndProject
Global
	GlobalSection(SolutionConfigurationPlatforms) = preSolution
		Debug|Any CPU = Debug|Any CPU
		Release|Any CPU = Release|Any CPU
	EndGlobalSection
	GlobalSection(ProjectConfigurationPlatforms) = postSolution
		{4F28ED43-B6A5-4F8A-90B7-18A61DC7B537}.Debug|Any CPU.ActiveCfg = Debug|Any CPU
		{4F28ED43-B6A5-4F8A-90B7-18A61DC7B537}.Debug|Any CPU.Build.0 = Debug|Any CPU
		{4F28ED43-B6A5-4F8A-90B7-18A61DC7B537}.Release|Any CPU.ActiveCfg = Release|Any CPU
		{4F28ED43-B6A5-4F8A-90B7-18A61DC7B537}.Release|Any CPU.Build.0 = Release|Any CPU
	EndGlobalSection
	GlobalSection(SolutionProperties) = preSolution
		HideSolutionNode = FALSE
	EndGlobalSection
	GlobalSection(ExtensibilityGlobals) = postSolution
		SolutionGuid = {A18431EE-4617-48A3-BDBD-3BE8B546C463}
	EndGlobalSection
EndGlobal
